
Microsoft Visual Studio Solution File, Format Version 12.00
# Visual Studio Version 16
VisualStudioVersion = 16.0.31005.135
MinimumVisualStudioVersion = 10.0.40219.1
Project("{FAE04EC0-301F-11D3-BF4B-00C04F79EFBC}") = "X_O_Game", "X_O_Game\X_O_Game.csproj", "{C4775BA0-43A9-4B6D-9340-88E6CB9CC29A}"
EndProject
Global
	GlobalSection(SolutionConfigurationPlatforms) = preSolution
		Debug|Any CPU = Debug|Any CPU
		Release|Any CPU = Release|Any CPU
	EndGlobalSection
	GlobalSection(ProjectConfigurationPlatforms) = postSolution
		{C4775BA0-43A9-4B6D-9340-88E6CB9CC29A}.Debug|Any CPU.ActiveCfg = Debug|Any CPU
		{C4775BA0-43A9-4B6D-9340-88E6CB9CC29A}.Debug|Any CPU.Build.0 = Debug|Any CPU
		{C4775BA0-43A9-4B6D-9340-88E6CB9CC29A}.Release|Any CPU.ActiveCfg = Release|Any CPU
		{C4775BA0-43A9-4B6D-9340-88E6CB9CC29A}.Release|Any CPU.Build.0 = Release|Any CPU
	EndGlobalSection
	GlobalSection(SolutionProperties) = preSolution
		HideSolutionNode = FALSE
	EndGlobalSection
	GlobalSection(ExtensibilityGlobals) = postSolution
		SolutionGuid = {D7205E14-838A-4766-BDC3-1A70648EF371}
	EndGlobalSection
EndGlobal
